
Microsoft Visual Studio Solution File, Format Version 12.00
# Visual Studio Version 17
VisualStudioVersion = 17.14.36414.22
MinimumVisualStudioVersion = 10.0.40219.1
Project("{FAE04EC0-301F-11D3-BF4B-00C04F79EFBC}") = "ChatAppNats", "ChatAppNats.csproj", "{F00D934E-0AE2-41DF-AA3F-D3A0ED70455D}"
EndProject
Global
	GlobalSection(SolutionConfigurationPlatforms) = preSolution
		Debug|Any CPU = Debug|Any CPU
		Debug|x86 = Debug|x86
		Release|Any CPU = Release|Any CPU
		Release|x86 = Release|x86
	EndGlobalSection
	GlobalSection(ProjectConfigurationPlatforms) = postSolution
		{F00D934E-0AE2-41DF-AA3F-D3A0ED70455D}.Debug|Any CPU.ActiveCfg = Debug|Any CPU
		{F00D934E-0AE2-41DF-AA3F-D3A0ED70455D}.Debug|Any CPU.Build.0 = Debug|Any CPU
		{F00D934E-0AE2-41DF-AA3F-D3A0ED70455D}.Debug|x86.ActiveCfg = Debug|Any CPU
		{F00D934E-0AE2-41DF-AA3F-D3A0ED70455D}.Debug|x86.Build.0 = Debug|Any CPU
		{F00D934E-0AE2-41DF-AA3F-D3A0ED70455D}.Release|Any CPU.ActiveCfg = Release|Any CPU
		{F00D934E-0AE2-41DF-AA3F-D3A0ED70455D}.Release|Any CPU.Build.0 = Release|Any CPU
		{F00D934E-0AE2-41DF-AA3F-D3A0ED70455D}.Release|x86.ActiveCfg = Release|Any CPU
		{F00D934E-0AE2-41DF-AA3F-D3A0ED70455D}.Release|x86.Build.0 = Release|Any CPU
	EndGlobalSection
	GlobalSection(SolutionProperties) = preSolution
		HideSolutionNode = FALSE
	EndGlobalSection
	GlobalSection(ExtensibilityGlobals) = postSolution
		SolutionGuid = {1BD493F1-C61D-4CA2-A4C6-DA04491AC0C8}
	EndGlobalSection
EndGlobal
